
Microsoft Visual Studio Solution File, Format Version 12.00
# Visual Studio Version 16
VisualStudioVersion = 16.0.31515.178
MinimumVisualStudioVersion = 10.0.40219.1
Project("{9A19103F-16F7-4668-BE54-9A1E7A4F7556}") = "CursedAmongUs", "CursedAmongUs\CursedAmongUs.csproj", "{11FBC798-BAF5-4EE5-9511-BE6DB0592F99}"
EndProject
Project("{2150E333-8FDC-42A3-9474-1A3956D46DE8}") = "Solution Items", "Solution Items", "{E2D02D39-FDC8-4FD6-8575-4AB210E64C87}"
	ProjectSection(SolutionItems) = preProject
		.editorconfig = .editorconfig
	EndProjectSection
EndProject
Global
	GlobalSection(SolutionConfigurationPlatforms) = preSolution
		Debug|Any CPU = Debug|Any CPU
		Release|Any CPU = Release|Any CPU
	EndGlobalSection
	GlobalSection(ProjectConfigurationPlatforms) = postSolution
		{11FBC798-BAF5-4EE5-9511-BE6DB0592F99}.Debug|Any CPU.ActiveCfg = Debug|Any CPU
		{11FBC798-BAF5-4EE5-9511-BE6DB0592F99}.Debug|Any CPU.Build.0 = Debug|Any CPU
		{11FBC798-BAF5-4EE5-9511-BE6DB0592F99}.Release|Any CPU.ActiveCfg = Release|Any CPU
		{11FBC798-BAF5-4EE5-9511-BE6DB0592F99}.Release|Any CPU.Build.0 = Release|Any CPU
	EndGlobalSection
	GlobalSection(SolutionProperties) = preSolution
		HideSolutionNode = FALSE
	EndGlobalSection
	GlobalSection(ExtensibilityGlobals) = postSolution
		SolutionGuid = {8A108815-4BBB-4404-99D5-A3486B773C3A}
	EndGlobalSection
EndGlobal
